
Microsoft Visual Studio Solution File, Format Version 12.00
# Visual Studio Version 16
VisualStudioVersion = 16.0.29519.181
MinimumVisualStudioVersion = 10.0.40219.1
Project("{FAE04EC0-301F-11D3-BF4B-00C04F79EFBC}") = "WebApplication1", "WebApplication1\WebApplication1.csproj", "{C3AE35AB-F768-4253-AFF1-42DE3B56627A}"
EndProject
Global
	GlobalSection(SolutionConfigurationPlatforms) = preSolution
		Debug|Any CPU = Debug|Any CPU
		Release|Any CPU = Release|Any CPU
	EndGlobalSection
	GlobalSection(ProjectConfigurationPlatforms) = postSolution
		{C3AE35AB-F768-4253-AFF1-42DE3B56627A}.Debug|Any CPU.ActiveCfg = Debug|Any CPU
		{C3AE35AB-F768-4253-AFF1-42DE3B56627A}.Debug|Any CPU.Build.0 = Debug|Any CPU
		{C3AE35AB-F768-4253-AFF1-42DE3B56627A}.Release|Any CPU.ActiveCfg = Release|Any CPU
		{C3AE35AB-F768-4253-AFF1-42DE3B56627A}.Release|Any CPU.Build.0 = Release|Any CPU
	EndGlobalSection
	GlobalSection(SolutionProperties) = preSolution
		HideSolutionNode = FALSE
	EndGlobalSection
	GlobalSection(ExtensibilityGlobals) = postSolution
		SolutionGuid = {14F7031A-9BDB-4C53-832F-AF880FBF97D7}
	EndGlobalSection
EndGlobal
